
Microsoft Visual Studio Solution File, Format Version 12.00
# Visual Studio Version 17
VisualStudioVersion = 17.11.35208.52
MinimumVisualStudioVersion = 10.0.40219.1
Project("{FAE04EC0-301F-11D3-BF4B-00C04F79EFBC}") = "Proyecto grafos", "Proyecto grafos\Proyecto grafos.csproj", "{BE91D473-3C34-451F-9A16-FB28B9EAB835}"
EndProject
Global
	GlobalSection(SolutionConfigurationPlatforms) = preSolution
		Debug|Any CPU = Debug|Any CPU
		Release|Any CPU = Release|Any CPU
	EndGlobalSection
	GlobalSection(ProjectConfigurationPlatforms) = postSolution
		{BE91D473-3C34-451F-9A16-FB28B9EAB835}.Debug|Any CPU.ActiveCfg = Debug|Any CPU
		{BE91D473-3C34-451F-9A16-FB28B9EAB835}.Debug|Any CPU.Build.0 = Debug|Any CPU
		{BE91D473-3C34-451F-9A16-FB28B9EAB835}.Release|Any CPU.ActiveCfg = Release|Any CPU
		{BE91D473-3C34-451F-9A16-FB28B9EAB835}.Release|Any CPU.Build.0 = Release|Any CPU
	EndGlobalSection
	GlobalSection(SolutionProperties) = preSolution
		HideSolutionNode = FALSE
	EndGlobalSection
	GlobalSection(ExtensibilityGlobals) = postSolution
		SolutionGuid = {3B8CCB4B-D4D6-4207-8E51-E2B71E9AB4A9}
	EndGlobalSection
EndGlobal
